
Microsoft Visual Studio Solution File, Format Version 12.00
# Visual Studio Version 17
VisualStudioVersion = 17.5.33530.505
MinimumVisualStudioVersion = 10.0.40219.1
Project("{FAE04EC0-301F-11D3-BF4B-00C04F79EFBC}") = "SecondsTotal", "SecondsTotal\SecondsTotal.csproj", "{15421F2D-75AD-451B-A471-39B0C623DAF8}"
EndProject
Global
	GlobalSection(SolutionConfigurationPlatforms) = preSolution
		Debug|Any CPU = Debug|Any CPU
		Release|Any CPU = Release|Any CPU
	EndGlobalSection
	GlobalSection(ProjectConfigurationPlatforms) = postSolution
		{15421F2D-75AD-451B-A471-39B0C623DAF8}.Debug|Any CPU.ActiveCfg = Debug|Any CPU
		{15421F2D-75AD-451B-A471-39B0C623DAF8}.Debug|Any CPU.Build.0 = Debug|Any CPU
		{15421F2D-75AD-451B-A471-39B0C623DAF8}.Release|Any CPU.ActiveCfg = Release|Any CPU
		{15421F2D-75AD-451B-A471-39B0C623DAF8}.Release|Any CPU.Build.0 = Release|Any CPU
	EndGlobalSection
	GlobalSection(SolutionProperties) = preSolution
		HideSolutionNode = FALSE
	EndGlobalSection
	GlobalSection(ExtensibilityGlobals) = postSolution
		SolutionGuid = {8D1490A2-CE1F-4B92-9200-422152D8B423}
	EndGlobalSection
EndGlobal
