
Microsoft Visual Studio Solution File, Format Version 12.00
# Visual Studio Version 17
VisualStudioVersion = 17.5.33530.505
MinimumVisualStudioVersion = 10.0.40219.1
Project("{FAE04EC0-301F-11D3-BF4B-00C04F79EFBC}") = "ProductPrices", "ProductPrices\ProductPrices.csproj", "{B20490D1-9470-4DC5-BE9F-101C335A2785}"
EndProject
Global
	GlobalSection(SolutionConfigurationPlatforms) = preSolution
		Debug|Any CPU = Debug|Any CPU
		Release|Any CPU = Release|Any CPU
	EndGlobalSection
	GlobalSection(ProjectConfigurationPlatforms) = postSolution
		{B20490D1-9470-4DC5-BE9F-101C335A2785}.Debug|Any CPU.ActiveCfg = Debug|Any CPU
		{B20490D1-9470-4DC5-BE9F-101C335A2785}.Debug|Any CPU.Build.0 = Debug|Any CPU
		{B20490D1-9470-4DC5-BE9F-101C335A2785}.Release|Any CPU.ActiveCfg = Release|Any CPU
		{B20490D1-9470-4DC5-BE9F-101C335A2785}.Release|Any CPU.Build.0 = Release|Any CPU
	EndGlobalSection
	GlobalSection(SolutionProperties) = preSolution
		HideSolutionNode = FALSE
	EndGlobalSection
	GlobalSection(ExtensibilityGlobals) = postSolution
		SolutionGuid = {DAAB1C53-F9CC-44DA-9706-E9FCE0B705AE}
	EndGlobalSection
EndGlobal
