
Microsoft Visual Studio Solution File, Format Version 12.00
# Visual Studio Version 17
VisualStudioVersion = 17.5.33530.505
MinimumVisualStudioVersion = 10.0.40219.1
Project("{FAE04EC0-301F-11D3-BF4B-00C04F79EFBC}") = "IfElseExercise", "IfElseExercise\IfElseExercise.csproj", "{BEEB2BFA-0322-44BB-9974-63AFD0E18C63}"
EndProject
Global
	GlobalSection(SolutionConfigurationPlatforms) = preSolution
		Debug|Any CPU = Debug|Any CPU
		Release|Any CPU = Release|Any CPU
	EndGlobalSection
	GlobalSection(ProjectConfigurationPlatforms) = postSolution
		{BEEB2BFA-0322-44BB-9974-63AFD0E18C63}.Debug|Any CPU.ActiveCfg = Debug|Any CPU
		{BEEB2BFA-0322-44BB-9974-63AFD0E18C63}.Debug|Any CPU.Build.0 = Debug|Any CPU
		{BEEB2BFA-0322-44BB-9974-63AFD0E18C63}.Release|Any CPU.ActiveCfg = Release|Any CPU
		{BEEB2BFA-0322-44BB-9974-63AFD0E18C63}.Release|Any CPU.Build.0 = Release|Any CPU
	EndGlobalSection
	GlobalSection(SolutionProperties) = preSolution
		HideSolutionNode = FALSE
	EndGlobalSection
	GlobalSection(ExtensibilityGlobals) = postSolution
		SolutionGuid = {06611142-4AFF-48BF-A892-7AB4D68D77C8}
	EndGlobalSection
EndGlobal
