
Microsoft Visual Studio Solution File, Format Version 12.00
# Visual Studio Version 17
VisualStudioVersion = 17.5.33530.505
MinimumVisualStudioVersion = 10.0.40219.1
Project("{FAE04EC0-301F-11D3-BF4B-00C04F79EFBC}") = "InputOutput", "InputOutput\InputOutput.csproj", "{758107C5-1D3A-4253-AC98-C2BF3C68DFDC}"
EndProject
Global
	GlobalSection(SolutionConfigurationPlatforms) = preSolution
		Debug|Any CPU = Debug|Any CPU
		Release|Any CPU = Release|Any CPU
	EndGlobalSection
	GlobalSection(ProjectConfigurationPlatforms) = postSolution
		{758107C5-1D3A-4253-AC98-C2BF3C68DFDC}.Debug|Any CPU.ActiveCfg = Debug|Any CPU
		{758107C5-1D3A-4253-AC98-C2BF3C68DFDC}.Debug|Any CPU.Build.0 = Debug|Any CPU
		{758107C5-1D3A-4253-AC98-C2BF3C68DFDC}.Release|Any CPU.ActiveCfg = Release|Any CPU
		{758107C5-1D3A-4253-AC98-C2BF3C68DFDC}.Release|Any CPU.Build.0 = Release|Any CPU
	EndGlobalSection
	GlobalSection(SolutionProperties) = preSolution
		HideSolutionNode = FALSE
	EndGlobalSection
	GlobalSection(ExtensibilityGlobals) = postSolution
		SolutionGuid = {464B44A0-EA38-49FB-8D65-934A004F208E}
	EndGlobalSection
EndGlobal
